// !$*UTF8*$!
{
	archiveVersion = 1;
	classes = {
	};
	objectVersion = 48;
	objects = {

/* Begin PBXBuildFile section */
		290D064D2043822C00CCD8F6 /* CoreLocation.framework in Frameworks */ = {isa = PBXBuildFile; fileRef = 290D064C2043822C00CCD8F6 /* CoreLocation.framework */; };
		290D064F204382EB00CCD8F6 /* ActiveTripVC.swift in Sources */ = {isa = PBXBuildFile; fileRef = 290D064E204382EB00CCD8F6 /* ActiveTripVC.swift */; };
		292DA457204476BD00722F5E /* MapKit.framework in Frameworks */ = {isa = PBXBuildFile; fileRef = 292DA456204476BD00722F5E /* MapKit.framework */; };
		389500BC20474607001C7CDA /* FormatDisplay.swift in Sources */ = {isa = PBXBuildFile; fileRef = 389500BB20474607001C7CDA /* FormatDisplay.swift */; };
		38EF9019204209F70099DBD7 /* CreateAccountViewController.swift in Sources */ = {isa = PBXBuildFile; fileRef = 38EF9018204209F70099DBD7 /* CreateAccountViewController.swift */; };
		43039348202913D1009E16E4 /* DashboardViewController.swift in Sources */ = {isa = PBXBuildFile; fileRef = 43039347202913D1009E16E4 /* DashboardViewController.swift */; };
		4303934A20291423009E16E4 /* AccountViewController.swift in Sources */ = {isa = PBXBuildFile; fileRef = 4303934920291423009E16E4 /* AccountViewController.swift */; };
		4303934C2029144B009E16E4 /* BluetoothViewController.swift in Sources */ = {isa = PBXBuildFile; fileRef = 4303934B2029144B009E16E4 /* BluetoothViewController.swift */; };
		435BBBEC2020E54E00D3EE75 /* AppDelegate.swift in Sources */ = {isa = PBXBuildFile; fileRef = 435BBBEB2020E54E00D3EE75 /* AppDelegate.swift */; };
		435BBBF32020E54F00D3EE75 /* Main.storyboard in Resources */ = {isa = PBXBuildFile; fileRef = 435BBBF12020E54F00D3EE75 /* Main.storyboard */; };
		435BBBF52020E54F00D3EE75 /* Assets.xcassets in Resources */ = {isa = PBXBuildFile; fileRef = 435BBBF42020E54F00D3EE75 /* Assets.xcassets */; };
		435BBBF82020E54F00D3EE75 /* LaunchScreen.storyboard in Resources */ = {isa = PBXBuildFile; fileRef = 435BBBF62020E54F00D3EE75 /* LaunchScreen.storyboard */; };
		435BBC032020E54F00D3EE75 /* IdaDashboardTests.swift in Sources */ = {isa = PBXBuildFile; fileRef = 435BBC022020E54F00D3EE75 /* IdaDashboardTests.swift */; };
		435BBC0E2020E54F00D3EE75 /* IdaDashboardUITests.swift in Sources */ = {isa = PBXBuildFile; fileRef = 435BBC0D2020E54F00D3EE75 /* IdaDashboardUITests.swift */; };
		4394359B20321A9C00433495 /* BTData.swift in Sources */ = {isa = PBXBuildFile; fileRef = 4394359A20321A9C00433495 /* BTData.swift */; };
		4394359D20354D8800433495 /* BluetoothIO.swift in Sources */ = {isa = PBXBuildFile; fileRef = 4394359C20354D8800433495 /* BluetoothIO.swift */; };
		43E53E0F20421B8B007AB1D5 /* Settings.storyboard in Resources */ = {isa = PBXBuildFile; fileRef = 43E53E0E20421B8B007AB1D5 /* Settings.storyboard */; };
		43E53E1120422F5A007AB1D5 /* SettingsViewController.swift in Sources */ = {isa = PBXBuildFile; fileRef = 43E53E1020422F5A007AB1D5 /* SettingsViewController.swift */; };
		43E53E1320422FCF007AB1D5 /* UpdateAccountInfoViewController.swift in Sources */ = {isa = PBXBuildFile; fileRef = 43E53E1220422FCF007AB1D5 /* UpdateAccountInfoViewController.swift */; };
		E42A11C0203E238B007D5751 /* Dashboard.storyboard in Resources */ = {isa = PBXBuildFile; fileRef = E42A11BE203E238B007D5751 /* Dashboard.storyboard */; };
		E42A11C3203E23C8007D5751 /* Trips.storyboard in Resources */ = {isa = PBXBuildFile; fileRef = E42A11C1203E23C8007D5751 /* Trips.storyboard */; };
		E42A11C6203E23FC007D5751 /* Account.storyboard in Resources */ = {isa = PBXBuildFile; fileRef = E42A11C4203E23FC007D5751 /* Account.storyboard */; };
		E4526F892029002100BF80B5 /* TripTableViewCell.swift in Sources */ = {isa = PBXBuildFile; fileRef = E4526F882029002100BF80B5 /* TripTableViewCell.swift */; };
		E4526F8B2029022400BF80B5 /* Trip.swift in Sources */ = {isa = PBXBuildFile; fileRef = E4526F8A2029022400BF80B5 /* Trip.swift */; };
		E4526F8D202906E300BF80B5 /* TripTableViewController.swift in Sources */ = {isa = PBXBuildFile; fileRef = E4526F8C202906E300BF80B5 /* TripTableViewController.swift */; };
		E4526F8F202B557300BF80B5 /* TripDetailViewController.swift in Sources */ = {isa = PBXBuildFile; fileRef = E4526F8E202B557300BF80B5 /* TripDetailViewController.swift */; };
/* End PBXBuildFile section */

/* Begin PBXContainerItemProxy section */
		435BBBFF2020E54F00D3EE75 /* PBXContainerItemProxy */ = {
			isa = PBXContainerItemProxy;
			containerPortal = 435BBBE02020E54E00D3EE75 /* Project object */;
			proxyType = 1;
			remoteGlobalIDString = 435BBBE72020E54E00D3EE75;
			remoteInfo = IdaDashboard;
		};
		435BBC0A2020E54F00D3EE75 /* PBXContainerItemProxy */ = {
			isa = PBXContainerItemProxy;
			containerPortal = 435BBBE02020E54E00D3EE75 /* Project object */;
			proxyType = 1;
			remoteGlobalIDString = 435BBBE72020E54E00D3EE75;
			remoteInfo = IdaDashboard;
		};
/* End PBXContainerItemProxy section */

/* Begin PBXFileReference section */
		290D064C2043822C00CCD8F6 /* CoreLocation.framework */ = {isa = PBXFileReference; lastKnownFileType = wrapper.framework; name = CoreLocation.framework; path = System/Library/Frameworks/CoreLocation.framework; sourceTree = SDKROOT; };
		290D064E204382EB00CCD8F6 /* ActiveTripVC.swift */ = {isa = PBXFileReference; lastKnownFileType = sourcecode.swift; path = ActiveTripVC.swift; sourceTree = "<group>"; };
		292DA456204476BD00722F5E /* MapKit.framework */ = {isa = PBXFileReference; lastKnownFileType = wrapper.framework; name = MapKit.framework; path = System/Library/Frameworks/MapKit.framework; sourceTree = SDKROOT; };
		389500BB20474607001C7CDA /* FormatDisplay.swift */ = {isa = PBXFileReference; lastKnownFileType = sourcecode.swift; path = FormatDisplay.swift; sourceTree = "<group>"; };
		38EF9018204209F70099DBD7 /* CreateAccountViewController.swift */ = {isa = PBXFileReference; lastKnownFileType = sourcecode.swift; path = CreateAccountViewController.swift; sourceTree = "<group>"; };
		43039347202913D1009E16E4 /* DashboardViewController.swift */ = {isa = PBXFileReference; lastKnownFileType = sourcecode.swift; path = DashboardViewController.swift; sourceTree = "<group>"; };
		4303934920291423009E16E4 /* AccountViewController.swift */ = {isa = PBXFileReference; lastKnownFileType = sourcecode.swift; path = AccountViewController.swift; sourceTree = "<group>"; };
		4303934B2029144B009E16E4 /* BluetoothViewController.swift */ = {isa = PBXFileReference; lastKnownFileType = sourcecode.swift; path = BluetoothViewController.swift; sourceTree = "<group>"; };
		435BBBE82020E54E00D3EE75 /* IdaDashboard.app */ = {isa = PBXFileReference; explicitFileType = wrapper.application; includeInIndex = 0; path = IdaDashboard.app; sourceTree = BUILT_PRODUCTS_DIR; };
		435BBBEB2020E54E00D3EE75 /* AppDelegate.swift */ = {isa = PBXFileReference; lastKnownFileType = sourcecode.swift; path = AppDelegate.swift; sourceTree = "<group>"; };
		435BBBF22020E54F00D3EE75 /* Base */ = {isa = PBXFileReference; lastKnownFileType = file.storyboard; name = Base; path = Base.lproj/Main.storyboard; sourceTree = "<group>"; };
		435BBBF42020E54F00D3EE75 /* Assets.xcassets */ = {isa = PBXFileReference; lastKnownFileType = folder.assetcatalog; path = Assets.xcassets; sourceTree = "<group>"; };
		435BBBF72020E54F00D3EE75 /* Base */ = {isa = PBXFileReference; lastKnownFileType = file.storyboard; name = Base; path = Base.lproj/LaunchScreen.storyboard; sourceTree = "<group>"; };
		435BBBF92020E54F00D3EE75 /* Info.plist */ = {isa = PBXFileReference; lastKnownFileType = text.plist.xml; path = Info.plist; sourceTree = "<group>"; };
		435BBBFE2020E54F00D3EE75 /* IdaDashboardTests.xctest */ = {isa = PBXFileReference; explicitFileType = wrapper.cfbundle; includeInIndex = 0; path = IdaDashboardTests.xctest; sourceTree = BUILT_PRODUCTS_DIR; };
		435BBC022020E54F00D3EE75 /* IdaDashboardTests.swift */ = {isa = PBXFileReference; lastKnownFileType = sourcecode.swift; path = IdaDashboardTests.swift; sourceTree = "<group>"; };
		435BBC042020E54F00D3EE75 /* Info.plist */ = {isa = PBXFileReference; lastKnownFileType = text.plist.xml; path = Info.plist; sourceTree = "<group>"; };
		435BBC092020E54F00D3EE75 /* IdaDashboardUITests.xctest */ = {isa = PBXFileReference; explicitFileType = wrapper.cfbundle; includeInIndex = 0; path = IdaDashboardUITests.xctest; sourceTree = BUILT_PRODUCTS_DIR; };
		435BBC0D2020E54F00D3EE75 /* IdaDashboardUITests.swift */ = {isa = PBXFileReference; lastKnownFileType = sourcecode.swift; path = IdaDashboardUITests.swift; sourceTree = "<group>"; };
		435BBC0F2020E54F00D3EE75 /* Info.plist */ = {isa = PBXFileReference; lastKnownFileType = text.plist.xml; path = Info.plist; sourceTree = "<group>"; };
		4394359A20321A9C00433495 /* BTData.swift */ = {isa = PBXFileReference; lastKnownFileType = sourcecode.swift; path = BTData.swift; sourceTree = "<group>"; };
		4394359C20354D8800433495 /* BluetoothIO.swift */ = {isa = PBXFileReference; fileEncoding = 4; lastKnownFileType = sourcecode.swift; path = BluetoothIO.swift; sourceTree = "<group>"; };
		43E53E0E20421B8B007AB1D5 /* Settings.storyboard */ = {isa = PBXFileReference; lastKnownFileType = file.storyboard; path = Settings.storyboard; sourceTree = "<group>"; };
		43E53E1020422F5A007AB1D5 /* SettingsViewController.swift */ = {isa = PBXFileReference; lastKnownFileType = sourcecode.swift; path = SettingsViewController.swift; sourceTree = "<group>"; };
		43E53E1220422FCF007AB1D5 /* UpdateAccountInfoViewController.swift */ = {isa = PBXFileReference; lastKnownFileType = sourcecode.swift; path = UpdateAccountInfoViewController.swift; sourceTree = "<group>"; };
		E42A11BF203E238B007D5751 /* Base */ = {isa = PBXFileReference; lastKnownFileType = file.storyboard; name = Base; path = Base.lproj/Dashboard.storyboard; sourceTree = "<group>"; };
		E42A11C2203E23C8007D5751 /* Base */ = {isa = PBXFileReference; lastKnownFileType = file.storyboard; name = Base; path = Base.lproj/Trips.storyboard; sourceTree = "<group>"; };
		E42A11C5203E23FC007D5751 /* Base */ = {isa = PBXFileReference; lastKnownFileType = file.storyboard; name = Base; path = Base.lproj/Account.storyboard; sourceTree = "<group>"; };
		E4526F882029002100BF80B5 /* TripTableViewCell.swift */ = {isa = PBXFileReference; lastKnownFileType = sourcecode.swift; path = TripTableViewCell.swift; sourceTree = "<group>"; };
		E4526F8A2029022400BF80B5 /* Trip.swift */ = {isa = PBXFileReference; lastKnownFileType = sourcecode.swift; path = Trip.swift; sourceTree = "<group>"; };
		E4526F8C202906E300BF80B5 /* TripTableViewController.swift */ = {isa = PBXFileReference; lastKnownFileType = sourcecode.swift; path = TripTableViewController.swift; sourceTree = "<group>"; };
		E4526F8E202B557300BF80B5 /* TripDetailViewController.swift */ = {isa = PBXFileReference; lastKnownFileType = sourcecode.swift; path = TripDetailViewController.swift; sourceTree = "<group>"; };
/* End PBXFileReference section */

/* Begin PBXFrameworksBuildPhase section */
		435BBBE52020E54E00D3EE75 /* Frameworks */ = {
			isa = PBXFrameworksBuildPhase;
			buildActionMask = 2147483647;
			files = (
				292DA457204476BD00722F5E /* MapKit.framework in Frameworks */,
				290D064D2043822C00CCD8F6 /* CoreLocation.framework in Frameworks */,
			);
			runOnlyForDeploymentPostprocessing = 0;
		};
		435BBBFB2020E54F00D3EE75 /* Frameworks */ = {
			isa = PBXFrameworksBuildPhase;
			buildActionMask = 2147483647;
			files = (
			);
			runOnlyForDeploymentPostprocessing = 0;
		};
		435BBC062020E54F00D3EE75 /* Frameworks */ = {
			isa = PBXFrameworksBuildPhase;
			buildActionMask = 2147483647;
			files = (
			);
			runOnlyForDeploymentPostprocessing = 0;
		};
/* End PBXFrameworksBuildPhase section */

/* Begin PBXGroup section */
		290D064B2043822C00CCD8F6 /* Frameworks */ = {
			isa = PBXGroup;
			children = (
				292DA456204476BD00722F5E /* MapKit.framework */,
				290D064C2043822C00CCD8F6 /* CoreLocation.framework */,
			);
			name = Frameworks;
			sourceTree = "<group>";
		};
		435BBBDF2020E54E00D3EE75 = {
			isa = PBXGroup;
			children = (
				435BBBEA2020E54E00D3EE75 /* IdaDashboard */,
				435BBC012020E54F00D3EE75 /* IdaDashboardTests */,
				435BBC0C2020E54F00D3EE75 /* IdaDashboardUITests */,
				435BBBE92020E54E00D3EE75 /* Products */,
				290D064B2043822C00CCD8F6 /* Frameworks */,
			);
			sourceTree = "<group>";
		};
		435BBBE92020E54E00D3EE75 /* Products */ = {
			isa = PBXGroup;
			children = (
				435BBBE82020E54E00D3EE75 /* IdaDashboard.app */,
				435BBBFE2020E54F00D3EE75 /* IdaDashboardTests.xctest */,
				435BBC092020E54F00D3EE75 /* IdaDashboardUITests.xctest */,
			);
			name = Products;
			sourceTree = "<group>";
		};
		435BBBEA2020E54E00D3EE75 /* IdaDashboard */ = {
			isa = PBXGroup;
			children = (
				435BBBEB2020E54E00D3EE75 /* AppDelegate.swift */,
				E4526F8A2029022400BF80B5 /* Trip.swift */,
				E4526F8C202906E300BF80B5 /* TripTableViewController.swift */,
				E4526F882029002100BF80B5 /* TripTableViewCell.swift */,
				E4526F8E202B557300BF80B5 /* TripDetailViewController.swift */,
				43039347202913D1009E16E4 /* DashboardViewController.swift */,
				290D064E204382EB00CCD8F6 /* ActiveTripVC.swift */,
				4303934B2029144B009E16E4 /* BluetoothViewController.swift */,
				435BBBF12020E54F00D3EE75 /* Main.storyboard */,
				E42A11BE203E238B007D5751 /* Dashboard.storyboard */,
				E42A11C1203E23C8007D5751 /* Trips.storyboard */,
				E42A11C4203E23FC007D5751 /* Account.storyboard */,
				4303934920291423009E16E4 /* AccountViewController.swift */,
				38EF9018204209F70099DBD7 /* CreateAccountViewController.swift */,
				435BBBF42020E54F00D3EE75 /* Assets.xcassets */,
				435BBBF62020E54F00D3EE75 /* LaunchScreen.storyboard */,
				435BBBF92020E54F00D3EE75 /* Info.plist */,
				4394359C20354D8800433495 /* BluetoothIO.swift */,
				4394359A20321A9C00433495 /* BTData.swift */,
				43E53E0E20421B8B007AB1D5 /* Settings.storyboard */,
				43E53E1020422F5A007AB1D5 /* SettingsViewController.swift */,
				43E53E1220422FCF007AB1D5 /* UpdateAccountInfoViewController.swift */,
				389500BB20474607001C7CDA /* FormatDisplay.swift */,
			);
			path = IdaDashboard;
			sourceTree = "<group>";
		};
		435BBC012020E54F00D3EE75 /* IdaDashboardTests */ = {
			isa = PBXGroup;
			children = (
				435BBC022020E54F00D3EE75 /* IdaDashboardTests.swift */,
				435BBC042020E54F00D3EE75 /* Info.plist */,
			);
			path = IdaDashboardTests;
			sourceTree = "<group>";
		};
		435BBC0C2020E54F00D3EE75 /* IdaDashboardUITests */ = {
			isa = PBXGroup;
			children = (
				435BBC0D2020E54F00D3EE75 /* IdaDashboardUITests.swift */,
				435BBC0F2020E54F00D3EE75 /* Info.plist */,
			);
			path = IdaDashboardUITests;
			sourceTree = "<group>";
		};
/* End PBXGroup section */

/* Begin PBXNativeTarget section */
		435BBBE72020E54E00D3EE75 /* IdaDashboard */ = {
			isa = PBXNativeTarget;
			buildConfigurationList = 435BBC122020E54F00D3EE75 /* Build configuration list for PBXNativeTarget "IdaDashboard" */;
			buildPhases = (
				435BBBE42020E54E00D3EE75 /* Sources */,
				435BBBE52020E54E00D3EE75 /* Frameworks */,
				435BBBE62020E54E00D3EE75 /* Resources */,
			);
			buildRules = (
			);
			dependencies = (
			);
			name = IdaDashboard;
			productName = IdaDashboard;
			productReference = 435BBBE82020E54E00D3EE75 /* IdaDashboard.app */;
			productType = "com.apple.product-type.application";
		};
		435BBBFD2020E54F00D3EE75 /* IdaDashboardTests */ = {
			isa = PBXNativeTarget;
			buildConfigurationList = 435BBC152020E54F00D3EE75 /* Build configuration list for PBXNativeTarget "IdaDashboardTests" */;
			buildPhases = (
				435BBBFA2020E54F00D3EE75 /* Sources */,
				435BBBFB2020E54F00D3EE75 /* Frameworks */,
				435BBBFC2020E54F00D3EE75 /* Resources */,
			);
			buildRules = (
			);
			dependencies = (
				435BBC002020E54F00D3EE75 /* PBXTargetDependency */,
			);
			name = IdaDashboardTests;
			productName = IdaDashboardTests;
			productReference = 435BBBFE2020E54F00D3EE75 /* IdaDashboardTests.xctest */;
			productType = "com.apple.product-type.bundle.unit-test";
		};
		435BBC082020E54F00D3EE75 /* IdaDashboardUITests */ = {
			isa = PBXNativeTarget;
			buildConfigurationList = 435BBC182020E54F00D3EE75 /* Build configuration list for PBXNativeTarget "IdaDashboardUITests" */;
			buildPhases = (
				435BBC052020E54F00D3EE75 /* Sources */,
				435BBC062020E54F00D3EE75 /* Frameworks */,
				435BBC072020E54F00D3EE75 /* Resources */,
			);
			buildRules = (
			);
			dependencies = (
				435BBC0B2020E54F00D3EE75 /* PBXTargetDependency */,
			);
			name = IdaDashboardUITests;
			productName = IdaDashboardUITests;
			productReference = 435BBC092020E54F00D3EE75 /* IdaDashboardUITests.xctest */;
			productType = "com.apple.product-type.bundle.ui-testing";
		};
/* End PBXNativeTarget section */

/* Begin PBXProject section */
		435BBBE02020E54E00D3EE75 /* Project object */ = {
			isa = PBXProject;
			attributes = {
				LastSwiftUpdateCheck = 0920;
				LastUpgradeCheck = 0920;
				ORGANIZATIONNAME = Ida;
				TargetAttributes = {
					435BBBE72020E54E00D3EE75 = {
						CreatedOnToolsVersion = 9.2;
						ProvisioningStyle = Automatic;
						SystemCapabilities = {
							com.apple.BackgroundModes = {
								enabled = 1;
							};
							com.apple.Maps.iOS = {
								enabled = 1;
							};
						};
					};
					435BBBFD2020E54F00D3EE75 = {
						CreatedOnToolsVersion = 9.2;
						ProvisioningStyle = Automatic;
						TestTargetID = 435BBBE72020E54E00D3EE75;
					};
					435BBC082020E54F00D3EE75 = {
						CreatedOnToolsVersion = 9.2;
						ProvisioningStyle = Automatic;
						TestTargetID = 435BBBE72020E54E00D3EE75;
					};
				};
			};
			buildConfigurationList = 435BBBE32020E54E00D3EE75 /* Build configuration list for PBXProject "IdaDashboard" */;
			compatibilityVersion = "Xcode 8.0";
			developmentRegion = en;
			hasScannedForEncodings = 0;
			knownRegions = (
				en,
				Base,
			);
			mainGroup = 435BBBDF2020E54E00D3EE75;
			productRefGroup = 435BBBE92020E54E00D3EE75 /* Products */;
			projectDirPath = "";
			projectRoot = "";
			targets = (
				435BBBE72020E54E00D3EE75 /* IdaDashboard */,
				435BBBFD2020E54F00D3EE75 /* IdaDashboardTests */,
				435BBC082020E54F00D3EE75 /* IdaDashboardUITests */,
			);
		};
/* End PBXProject section */

/* Begin PBXResourcesBuildPhase section */
		435BBBE62020E54E00D3EE75 /* Resources */ = {
			isa = PBXResourcesBuildPhase;
			buildActionMask = 2147483647;
			files = (
				435BBBF82020E54F00D3EE75 /* LaunchScreen.storyboard in Resources */,
				435BBBF52020E54F00D3EE75 /* Assets.xcassets in Resources */,
				E42A11C3203E23C8007D5751 /* Trips.storyboard in Resources */,
				435BBBF32020E54F00D3EE75 /* Main.storyboard in Resources */,
				E42A11C6203E23FC007D5751 /* Account.storyboard in Resources */,
				E42A11C0203E238B007D5751 /* Dashboard.storyboard in Resources */,
				43E53E0F20421B8B007AB1D5 /* Settings.storyboard in Resources */,
			);
			runOnlyForDeploymentPostprocessing = 0;
		};
		435BBBFC2020E54F00D3EE75 /* Resources */ = {
			isa = PBXResourcesBuildPhase;
			buildActionMask = 2147483647;
			files = (
			);
			runOnlyForDeploymentPostprocessing = 0;
		};
		435BBC072020E54F00D3EE75 /* Resources */ = {
			isa = PBXResourcesBuildPhase;
			buildActionMask = 2147483647;
			files = (
			);
			runOnlyForDeploymentPostprocessing = 0;
		};
/* End PBXResourcesBuildPhase section */

/* Begin PBXSourcesBuildPhase section */
		435BBBE42020E54E00D3EE75 /* Sources */ = {
			isa = PBXSourcesBuildPhase;
			buildActionMask = 2147483647;
			files = (
				38EF9019204209F70099DBD7 /* CreateAccountViewController.swift in Sources */,
				E4526F8B2029022400BF80B5 /* Trip.swift in Sources */,
				290D064F204382EB00CCD8F6 /* ActiveTripVC.swift in Sources */,
				389500BC20474607001C7CDA /* FormatDisplay.swift in Sources */,
				43039348202913D1009E16E4 /* DashboardViewController.swift in Sources */,
				43E53E1120422F5A007AB1D5 /* SettingsViewController.swift in Sources */,
				4394359D20354D8800433495 /* BluetoothIO.swift in Sources */,
				4303934A20291423009E16E4 /* AccountViewController.swift in Sources */,
				E4526F892029002100BF80B5 /* TripTableViewCell.swift in Sources */,
				4394359B20321A9C00433495 /* BTData.swift in Sources */,
				43E53E1320422FCF007AB1D5 /* UpdateAccountInfoViewController.swift in Sources */,
				E4526F8D202906E300BF80B5 /* TripTableViewController.swift in Sources */,
				4303934C2029144B009E16E4 /* BluetoothViewController.swift in Sources */,
				E4526F8F202B557300BF80B5 /* TripDetailViewController.swift in Sources */,
				435BBBEC2020E54E00D3EE75 /* AppDelegate.swift in Sources */,
			);
			runOnlyForDeploymentPostprocessing = 0;
		};
		435BBBFA2020E54F00D3EE75 /* Sources */ = {
			isa = PBXSourcesBuildPhase;
			buildActionMask = 2147483647;
			files = (
				435BBC032020E54F00D3EE75 /* IdaDashboardTests.swift in Sources */,
			);
			runOnlyForDeploymentPostprocessing = 0;
		};
		435BBC052020E54F00D3EE75 /* Sources */ = {
			isa = PBXSourcesBuildPhase;
			buildActionMask = 2147483647;
			files = (
				435BBC0E2020E54F00D3EE75 /* IdaDashboardUITests.swift in Sources */,
			);
			runOnlyForDeploymentPostprocessing = 0;
		};
/* End PBXSourcesBuildPhase section */

/* Begin PBXTargetDependency section */
		435BBC002020E54F00D3EE75 /* PBXTargetDependency */ = {
			isa = PBXTargetDependency;
			target = 435BBBE72020E54E00D3EE75 /* IdaDashboard */;
			targetProxy = 435BBBFF2020E54F00D3EE75 /* PBXContainerItemProxy */;
		};
		435BBC0B2020E54F00D3EE75 /* PBXTargetDependency */ = {
			isa = PBXTargetDependency;
			target = 435BBBE72020E54E00D3EE75 /* IdaDashboard */;
			targetProxy = 435BBC0A2020E54F00D3EE75 /* PBXContainerItemProxy */;
		};
/* End PBXTargetDependency section */

/* Begin PBXVariantGroup section */
		435BBBF12020E54F00D3EE75 /* Main.storyboard */ = {
			isa = PBXVariantGroup;
			children = (
				435BBBF22020E54F00D3EE75 /* Base */,
			);
			name = Main.storyboard;
			sourceTree = "<group>";
		};
		435BBBF62020E54F00D3EE75 /* LaunchScreen.storyboard */ = {
			isa = PBXVariantGroup;
			children = (
				435BBBF72020E54F00D3EE75 /* Base */,
			);
			name = LaunchScreen.storyboard;
			sourceTree = "<group>";
		};
		E42A11BE203E238B007D5751 /* Dashboard.storyboard */ = {
			isa = PBXVariantGroup;
			children = (
				E42A11BF203E238B007D5751 /* Base */,
			);
			name = Dashboard.storyboard;
			sourceTree = "<group>";
		};
		E42A11C1203E23C8007D5751 /* Trips.storyboard */ = {
			isa = PBXVariantGroup;
			children = (
				E42A11C2203E23C8007D5751 /* Base */,
			);
			name = Trips.storyboard;
			sourceTree = "<group>";
		};
		E42A11C4203E23FC007D5751 /* Account.storyboard */ = {
			isa = PBXVariantGroup;
			children = (
				E42A11C5203E23FC007D5751 /* Base */,
			);
			name = Account.storyboard;
			sourceTree = "<group>";
		};
/* End PBXVariantGroup section */

/* Begin XCBuildConfiguration section */
		435BBC102020E54F00D3EE75 /* Debug */ = {
			isa = XCBuildConfiguration;
			buildSettings = {
				ALWAYS_SEARCH_USER_PATHS = NO;
				CLANG_ANALYZER_NONNULL = YES;
				CLANG_ANALYZER_NUMBER_OBJECT_CONVERSION = YES_AGGRESSIVE;
				CLANG_CXX_LANGUAGE_STANDARD = "gnu++14";
				CLANG_CXX_LIBRARY = "libc++";
				CLANG_ENABLE_MODULES = YES;
				CLANG_ENABLE_OBJC_ARC = YES;
				CLANG_WARN_BLOCK_CAPTURE_AUTORELEASING = YES;
				CLANG_WARN_BOOL_CONVERSION = YES;
				CLANG_WARN_COMMA = YES;
				CLANG_WARN_CONSTANT_CONVERSION = YES;
				CLANG_WARN_DIRECT_OBJC_ISA_USAGE = YES_ERROR;
				CLANG_WARN_DOCUMENTATION_COMMENTS = YES;
				CLANG_WARN_EMPTY_BODY = YES;
				CLANG_WARN_ENUM_CONVERSION = YES;
				CLANG_WARN_INFINITE_RECURSION = YES;
				CLANG_WARN_INT_CONVERSION = YES;
				CLANG_WARN_NON_LITERAL_NULL_CONVERSION = YES;
				CLANG_WARN_OBJC_LITERAL_CONVERSION = YES;
				CLANG_WARN_OBJC_ROOT_CLASS = YES_ERROR;
				CLANG_WARN_RANGE_LOOP_ANALYSIS = YES;
				CLANG_WARN_STRICT_PROTOTYPES = YES;
				CLANG_WARN_SUSPICIOUS_MOVE = YES;
				CLANG_WARN_UNGUARDED_AVAILABILITY = YES_AGGRESSIVE;
				CLANG_WARN_UNREACHABLE_CODE = YES;
				CLANG_WARN__DUPLICATE_METHOD_MATCH = YES;
				CODE_SIGN_IDENTITY = "iPhone Developer";
				COPY_PHASE_STRIP = NO;
				DEBUG_INFORMATION_FORMAT = dwarf;
				ENABLE_STRICT_OBJC_MSGSEND = YES;
				ENABLE_TESTABILITY = YES;
				GCC_C_LANGUAGE_STANDARD = gnu11;
				GCC_DYNAMIC_NO_PIC = NO;
				GCC_NO_COMMON_BLOCKS = YES;
				GCC_OPTIMIZATION_LEVEL = 0;
				GCC_PREPROCESSOR_DEFINITIONS = (
					"DEBUG=1",
					"$(inherited)",
				);
				GCC_WARN_64_TO_32_BIT_CONVERSION = YES;
				GCC_WARN_ABOUT_RETURN_TYPE = YES_ERROR;
				GCC_WARN_UNDECLARED_SELECTOR = YES;
				GCC_WARN_UNINITIALIZED_AUTOS = YES_AGGRESSIVE;
				GCC_WARN_UNUSED_FUNCTION = YES;
				GCC_WARN_UNUSED_VARIABLE = YES;
				IPHONEOS_DEPLOYMENT_TARGET = 11.2;
				MTL_ENABLE_DEBUG_INFO = YES;
				ONLY_ACTIVE_ARCH = YES;
				SDKROOT = iphoneos;
				SWIFT_ACTIVE_COMPILATION_CONDITIONS = DEBUG;
				SWIFT_OPTIMIZATION_LEVEL = "-Onone";
			};
			name = Debug;
		};
		435BBC112020E54F00D3EE75 /* Release */ = {
			isa = XCBuildConfiguration;
			buildSettings = {
				ALWAYS_SEARCH_USER_PATHS = NO;
				CLANG_ANALYZER_NONNULL = YES;
				CLANG_ANALYZER_NUMBER_OBJECT_CONVERSION = YES_AGGRESSIVE;
				CLANG_CXX_LANGUAGE_STANDARD = "gnu++14";
				CLANG_CXX_LIBRARY = "libc++";
				CLANG_ENABLE_MODULES = YES;
				CLANG_ENABLE_OBJC_ARC = YES;
				CLANG_WARN_BLOCK_CAPTURE_AUTORELEASING = YES;
				CLANG_WARN_BOOL_CONVERSION = YES;
				CLANG_WARN_COMMA = YES;
				CLANG_WARN_CONSTANT_CONVERSION = YES;
				CLANG_WARN_DIRECT_OBJC_ISA_USAGE = YES_ERROR;
				CLANG_WARN_DOCUMENTATION_COMMENTS = YES;
				CLANG_WARN_EMPTY_BODY = YES;
				CLANG_WARN_ENUM_CONVERSION = YES;
				CLANG_WARN_INFINITE_RECURSION = YES;
				CLANG_WARN_INT_CONVERSION = YES;
				CLANG_WARN_NON_LITERAL_NULL_CONVERSION = YES;
				CLANG_WARN_OBJC_LITERAL_CONVERSION = YES;
				CLANG_WARN_OBJC_ROOT_CLASS = YES_ERROR;
				CLANG_WARN_RANGE_LOOP_ANALYSIS = YES;
				CLANG_WARN_STRICT_PROTOTYPES = YES;
				CLANG_WARN_SUSPICIOUS_MOVE = YES;
				CLANG_WARN_UNGUARDED_AVAILABILITY = YES_AGGRESSIVE;
				CLANG_WARN_UNREACHABLE_CODE = YES;
				CLANG_WARN__DUPLICATE_METHOD_MATCH = YES;
				CODE_SIGN_IDENTITY = "iPhone Developer";
				COPY_PHASE_STRIP = NO;
				DEBUG_INFORMATION_FORMAT = "dwarf-with-dsym";
				ENABLE_NS_ASSERTIONS = NO;
				ENABLE_STRICT_OBJC_MSGSEND = YES;
				GCC_C_LANGUAGE_STANDARD = gnu11;
				GCC_NO_COMMON_BLOCKS = YES;
				GCC_WARN_64_TO_32_BIT_CONVERSION = YES;
				GCC_WARN_ABOUT_RETURN_TYPE = YES_ERROR;
				GCC_WARN_UNDECLARED_SELECTOR = YES;
				GCC_WARN_UNINITIALIZED_AUTOS = YES_AGGRESSIVE;
				GCC_WARN_UNUSED_FUNCTION = YES;
				GCC_WARN_UNUSED_VARIABLE = YES;
				IPHONEOS_DEPLOYMENT_TARGET = 11.2;
				MTL_ENABLE_DEBUG_INFO = NO;
				SDKROOT = iphoneos;
				SWIFT_OPTIMIZATION_LEVEL = "-Owholemodule";
				VALIDATE_PRODUCT = YES;
			};
			name = Release;
		};
		435BBC132020E54F00D3EE75 /* Debug */ = {
			isa = XCBuildConfiguration;
			buildSettings = {
				ASSETCATALOG_COMPILER_APPICON_NAME = AppIcon;
				CODE_SIGN_STYLE = Automatic;
				DEVELOPMENT_TEAM = 72EFXA5424;
				INFOPLIST_FILE = IdaDashboard/Info.plist;
				LD_RUNPATH_SEARCH_PATHS = "$(inherited) @executable_path/Frameworks";
				PRODUCT_BUNDLE_IDENTIFIER = com.ida.IdaDashboard;
				PRODUCT_NAME = "$(TARGET_NAME)";
				SWIFT_VERSION = 4.0;
				TARGETED_DEVICE_FAMILY = "1,2";
			};
			name = Debug;
		};
		435BBC142020E54F00D3EE75 /* Release */ = {
			isa = XCBuildConfiguration;
			buildSettings = {
				ASSETCATALOG_COMPILER_APPICON_NAME = AppIcon;
				CODE_SIGN_STYLE = Automatic;
				DEVELOPMENT_TEAM = 72EFXA5424;
				INFOPLIST_FILE = IdaDashboard/Info.plist;
				LD_RUNPATH_SEARCH_PATHS = "$(inherited) @executable_path/Frameworks";
				PRODUCT_BUNDLE_IDENTIFIER = com.ida.IdaDashboard;
				PRODUCT_NAME = "$(TARGET_NAME)";
				SWIFT_VERSION = 4.0;
				TARGETED_DEVICE_FAMILY = "1,2";
			};
			name = Release;
		};
		435BBC162020E54F00D3EE75 /* Debug */ = {
			isa = XCBuildConfiguration;
			buildSettings = {
				ALWAYS_EMBED_SWIFT_STANDARD_LIBRARIES = YES;
				BUNDLE_LOADER = "$(TEST_HOST)";
				CODE_SIGN_STYLE = Automatic;
				INFOPLIST_FILE = IdaDashboardTests/Info.plist;
				LD_RUNPATH_SEARCH_PATHS = "$(inherited) @executable_path/Frameworks @loader_path/Frameworks";
				PRODUCT_BUNDLE_IDENTIFIER = com.ida.IdaDashboardTests;
				PRODUCT_NAME = "$(TARGET_NAME)";
				SWIFT_VERSION = 4.0;
				TARGETED_DEVICE_FAMILY = "1,2";
				TEST_HOST = "$(BUILT_PRODUCTS_DIR)/IdaDashboard.app/IdaDashboard";
			};
			name = Debug;
		};
		435BBC172020E54F00D3EE75 /* Release */ = {
			isa = XCBuildConfiguration;
			buildSettings = {
				ALWAYS_EMBED_SWIFT_STANDARD_LIBRARIES = YES;
				BUNDLE_LOADER = "$(TEST_HOST)";
				CODE_SIGN_STYLE = Automatic;
				INFOPLIST_FILE = IdaDashboardTests/Info.plist;
				LD_RUNPATH_SEARCH_PATHS = "$(inherited) @executable_path/Frameworks @loader_path/Frameworks";
				PRODUCT_BUNDLE_IDENTIFIER = com.ida.IdaDashboardTests;
				PRODUCT_NAME = "$(TARGET_NAME)";
				SWIFT_VERSION = 4.0;
				TARGETED_DEVICE_FAMILY = "1,2";
				TEST_HOST = "$(BUILT_PRODUCTS_DIR)/IdaDashboard.app/IdaDashboard";
			};
			name = Release;
		};
		435BBC192020E54F00D3EE75 /* Debug */ = {
			isa = XCBuildConfiguration;
			buildSettings = {
				ALWAYS_EMBED_SWIFT_STANDARD_LIBRARIES = YES;
				CODE_SIGN_STYLE = Automatic;
				INFOPLIST_FILE = IdaDashboardUITests/Info.plist;
				LD_RUNPATH_SEARCH_PATHS = "$(inherited) @executable_path/Frameworks @loader_path/Frameworks";
				PRODUCT_BUNDLE_IDENTIFIER = com.ida.IdaDashboardUITests;
				PRODUCT_NAME = "$(TARGET_NAME)";
				SWIFT_VERSION = 4.0;
				TARGETED_DEVICE_FAMILY = "1,2";
				TEST_TARGET_NAME = IdaDashboard;
			};
			name = Debug;
		};
		435BBC1A2020E54F00D3EE75 /* Release */ = {
			isa = XCBuildConfiguration;
			buildSettings = {
				ALWAYS_EMBED_SWIFT_STANDARD_LIBRARIES = YES;
				CODE_SIGN_STYLE = Automatic;
				INFOPLIST_FILE = IdaDashboardUITests/Info.plist;
				LD_RUNPATH_SEARCH_PATHS = "$(inherited) @executable_path/Frameworks @loader_path/Frameworks";
				PRODUCT_BUNDLE_IDENTIFIER = com.ida.IdaDashboardUITests;
				PRODUCT_NAME = "$(TARGET_NAME)";
				SWIFT_VERSION = 4.0;
				TARGETED_DEVICE_FAMILY = "1,2";
				TEST_TARGET_NAME = IdaDashboard;
			};
			name = Release;
		};
/* End XCBuildConfiguration section */

/* Begin XCConfigurationList section */
		435BBBE32020E54E00D3EE75 /* Build configuration list for PBXProject "IdaDashboard" */ = {
			isa = XCConfigurationList;
			buildConfigurations = (
				435BBC102020E54F00D3EE75 /* Debug */,
				435BBC112020E54F00D3EE75 /* Release */,
			);
			defaultConfigurationIsVisible = 0;
			defaultConfigurationName = Release;
		};
		435BBC122020E54F00D3EE75 /* Build configuration list for PBXNativeTarget "IdaDashboard" */ = {
			isa = XCConfigurationList;
			buildConfigurations = (
				435BBC132020E54F00D3EE75 /* Debug */,
				435BBC142020E54F00D3EE75 /* Release */,
			);
			defaultConfigurationIsVisible = 0;
			defaultConfigurationName = Release;
		};
		435BBC152020E54F00D3EE75 /* Build configuration list for PBXNativeTarget "IdaDashboardTests" */ = {
			isa = XCConfigurationList;
			buildConfigurations = (
				435BBC162020E54F00D3EE75 /* Debug */,
				435BBC172020E54F00D3EE75 /* Release */,
			);
			defaultConfigurationIsVisible = 0;
			defaultConfigurationName = Release;
		};
		435BBC182020E54F00D3EE75 /* Build configuration list for PBXNativeTarget "IdaDashboardUITests" */ = {
			isa = XCConfigurationList;
			buildConfigurations = (
				435BBC192020E54F00D3EE75 /* Debug */,
				435BBC1A2020E54F00D3EE75 /* Release */,
			);
			defaultConfigurationIsVisible = 0;
			defaultConfigurationName = Release;
		};
/* End XCConfigurationList section */
	};
	rootObject = 435BBBE02020E54E00D3EE75 /* Project object */;
}
